{
  "name": "language-typescript",
  "version": "0.4.11",
  "lockfileVersion": 1,
  "requires": true,
  "dependencies": {
    "nan": {
      "version": "2.12.1",
      "resolved": "https://registry.npmjs.org/nan/-/nan-2.12.1.tgz",
      "integrity": "sha512-JY7V6lRkStKcKTvHO5NVSQRv+RV+FIL5pvDoLiAtSL9pKlC5x9PKQcZDsq7m4FO4d57mkhC6Z+QhAh3Jdk5JFw=="
    },
    "tree-sitter-typescript": {
      "version": "0.13.6",
      "resolved": "https://registry.npmjs.org/tree-sitter-typescript/-/tree-sitter-typescript-0.13.6.tgz",
      "integrity": "sha512-1csvCrW5gf4d4D0ZXCctsVDr0M+fOCXYfX/Tve6OAeHUdFu0JsI+CEsS6X3VH7umX5/62RDYe1cwbvOhCuIiXA==",
      "requires": {
        "nan": "^2.10.0"
      }
    }
  }
}
